
Microsoft Visual Studio Solution File, Format Version 12.00
# Visual Studio Version 17
VisualStudioVersion = 17.2.32526.322
MinimumVisualStudioVersion = 10.0.40219.1
Project("{FAE04EC0-301F-11D3-BF4B-00C04F79EFBC}") = "BarsGroup_Developer_Task2", "BarsGroup_Developer_Task2\BarsGroup_Developer_Task2.csproj", "{203F6E24-02D4-4F52-8EDE-16857983B275}"
EndProject
Global
	GlobalSection(SolutionConfigurationPlatforms) = preSolution
		Debug|Any CPU = Debug|Any CPU
		Release|Any CPU = Release|Any CPU
	EndGlobalSection
	GlobalSection(ProjectConfigurationPlatforms) = postSolution
		{203F6E24-02D4-4F52-8EDE-16857983B275}.Debug|Any CPU.ActiveCfg = Debug|Any CPU
		{203F6E24-02D4-4F52-8EDE-16857983B275}.Debug|Any CPU.Build.0 = Debug|Any CPU
		{203F6E24-02D4-4F52-8EDE-16857983B275}.Release|Any CPU.ActiveCfg = Release|Any CPU
		{203F6E24-02D4-4F52-8EDE-16857983B275}.Release|Any CPU.Build.0 = Release|Any CPU
	EndGlobalSection
	GlobalSection(SolutionProperties) = preSolution
		HideSolutionNode = FALSE
	EndGlobalSection
	GlobalSection(ExtensibilityGlobals) = postSolution
		SolutionGuid = {A517A008-9BB7-423F-85A6-21AEB7402C34}
	EndGlobalSection
EndGlobal
